// !$*UTF8*$!
{
	archiveVersion = 1;
	classes = {
	};
	objectVersion = 52;
	objects = {

/* Begin PBXBuildFile section */
		B227DE21256573630002C127 /* DataModel.swift in Sources */ = {isa = PBXBuildFile; fileRef = B227DE20256573630002C127 /* DataModel.swift */; };
		B227DEFA256738C50002C127 /* AppKitPlugin.swift in Sources */ = {isa = PBXBuildFile; fileRef = B227DEF9256738C50002C127 /* AppKitPlugin.swift */; };
		B227DF0925673E530002C127 /* AppKitBundleLoader.swift in Sources */ = {isa = PBXBuildFile; fileRef = B227DEFD25673A270002C127 /* AppKitBundleLoader.swift */; };
		B227DF13256741CA0002C127 /* RoosterAppKitPlugin.bundle in CopyFiles */ = {isa = PBXBuildFile; fileRef = B227DEF0256738860002C127 /* RoosterAppKitPlugin.bundle */; platformFilter = maccatalyst; settings = {ATTRIBUTES = (CodeSignOnCopy, RemoveHeadersOnCopy, ); }; };
		B227DF19256743C80002C127 /* AppKitPluginProtocol.h in Sources */ = {isa = PBXBuildFile; fileRef = B227DF18256743C80002C127 /* AppKitPluginProtocol.h */; };
		B227DF252568096C0002C127 /* MainSplitViewController.swift in Sources */ = {isa = PBXBuildFile; fileRef = B227DF242568096C0002C127 /* MainSplitViewController.swift */; };
		B227DF2925680C970002C127 /* MainViewController.swift in Sources */ = {isa = PBXBuildFile; fileRef = B227DF2825680C970002C127 /* MainViewController.swift */; };
		B236FCD6255EFE0A00A2E58D /* CalendarManager.swift in Sources */ = {isa = PBXBuildFile; fileRef = B236FCD5255EFE0A00A2E58D /* CalendarManager.swift */; };
		B236FCDB255F196E00A2E58D /* AlarmSound.swift in Sources */ = {isa = PBXBuildFile; fileRef = B236FCDA255F196E00A2E58D /* AlarmSound.swift */; };
		B236FCE0255F1C2C00A2E58D /* chickens.mp3 in Resources */ = {isa = PBXBuildFile; fileRef = B236FCDF255F1C2C00A2E58D /* chickens.mp3 */; };
		B2742C922560538F0087E4B6 /* AppDelegate.swift in Sources */ = {isa = PBXBuildFile; fileRef = B2742C6925604A9B0087E4B6 /* AppDelegate.swift */; };
		B2742CA7256065310087E4B6 /* LaunchScreen.storyboard in Resources */ = {isa = PBXBuildFile; fileRef = B2742CA9256065310087E4B6 /* LaunchScreen.storyboard */; };
		B2AFE65525697957006B3C58 /* Dictionary+Utiities.swift in Sources */ = {isa = PBXBuildFile; fileRef = B2AFE65425697957006B3C58 /* Dictionary+Utiities.swift */; };
		B2AFE6642569B1B0006B3C58 /* DataModel+EventUtilities.swift in Sources */ = {isa = PBXBuildFile; fileRef = B2AFE6632569B1B0006B3C58 /* DataModel+EventUtilities.swift */; };
		B2AFE67F2569E06F006B3C58 /* EventListViewController.swift in Sources */ = {isa = PBXBuildFile; fileRef = B2AFE67E2569E06F006B3C58 /* EventListViewController.swift */; };
		B2AFE6892569E286006B3C58 /* CalendarListViewController.swift in Sources */ = {isa = PBXBuildFile; fileRef = B2AFE6882569E286006B3C58 /* CalendarListViewController.swift */; };
		B2AFE68D2569E4CF006B3C58 /* CalendarListCell.swift in Sources */ = {isa = PBXBuildFile; fileRef = B2AFE68C2569E4CF006B3C58 /* CalendarListCell.swift */; };
		B2AFE691256ACC05006B3C58 /* TableViewController.swift in Sources */ = {isa = PBXBuildFile; fileRef = B2AFE690256ACC05006B3C58 /* TableViewController.swift */; };
		B2AFE69A256AD3D1006B3C58 /* CalendarListViewModel.swift in Sources */ = {isa = PBXBuildFile; fileRef = B2AFE699256AD3D1006B3C58 /* CalendarListViewModel.swift */; };
		B2AFE6AA256ADA6E006B3C58 /* TableViewController+ViewModel.swift in Sources */ = {isa = PBXBuildFile; fileRef = B2AFE6A9256ADA6E006B3C58 /* TableViewController+ViewModel.swift */; };
		B2AFE6C7256AFA3F006B3C58 /* TableViewControllerAware.swift in Sources */ = {isa = PBXBuildFile; fileRef = B2AFE6C6256AFA3F006B3C58 /* TableViewControllerAware.swift */; };
		B2AFE6CB256AFA4E006B3C58 /* TableViewDelegate.swift in Sources */ = {isa = PBXBuildFile; fileRef = B2AFE6CA256AFA4E006B3C58 /* TableViewDelegate.swift */; };
		B2AFE6CF256AFA5B006B3C58 /* TableViewDataSource.swift in Sources */ = {isa = PBXBuildFile; fileRef = B2AFE6CE256AFA5B006B3C58 /* TableViewDataSource.swift */; };
		B2E15137255EED2B002672EC /* Assets.xcassets in Resources */ = {isa = PBXBuildFile; fileRef = B2E15122255EED2B002672EC /* Assets.xcassets */; };
		B2F6B489256187CC000BC78E /* EventKitCalendar.swift in Sources */ = {isa = PBXBuildFile; fileRef = B2F6B488256187CC000BC78E /* EventKitCalendar.swift */; };
		B2F6B48D256188FA000BC78E /* Preferences.swift in Sources */ = {isa = PBXBuildFile; fileRef = B2F6B48C256188FA000BC78E /* Preferences.swift */; };
		B2F6B49025618EC5000BC78E /* AlarmSoundManager.swift in Sources */ = {isa = PBXBuildFile; fileRef = B2F6B48F25618EC5000BC78E /* AlarmSoundManager.swift */; };
		B2F6B49725619705000BC78E /* AppController.swift in Sources */ = {isa = PBXBuildFile; fileRef = B2F6B49625619705000BC78E /* AppController.swift */; };
		B2F6B49B25619A34000BC78E /* EventKitEvent.swift in Sources */ = {isa = PBXBuildFile; fileRef = B2F6B49A25619A34000BC78E /* EventKitEvent.swift */; };
		B2F6B49E25619A43000BC78E /* EventKitReminder.swift in Sources */ = {isa = PBXBuildFile; fileRef = B2F6B49D25619A43000BC78E /* EventKitReminder.swift */; };
		B2F6B4A42561B19D000BC78E /* MainSceneDelegate.swift in Sources */ = {isa = PBXBuildFile; fileRef = B2F6B4A32561B19D000BC78E /* MainSceneDelegate.swift */; };
		B2F6B4FA2562DD64000BC78E /* UIWindow+Utilities.swift in Sources */ = {isa = PBXBuildFile; fileRef = B2F6B4F92562DD64000BC78E /* UIWindow+Utilities.swift */; };
		B2F6B4FF2562DDC9000BC78E /* WindowSceneDelegate.swift in Sources */ = {isa = PBXBuildFile; fileRef = B2F6B4FE2562DDC9000BC78E /* WindowSceneDelegate.swift */; };
		B2F6B50B2562EBE5000BC78E /* TestCalendars.swift in Sources */ = {isa = PBXBuildFile; fileRef = B2F6B50A2562EBE5000BC78E /* TestCalendars.swift */; };
		B2F6B51325632AE8000BC78E /* Date+Utilities.swift in Sources */ = {isa = PBXBuildFile; fileRef = B2F6B51225632AE8000BC78E /* Date+Utilities.swift */; };
		B2F6B51625642F48000BC78E /* Rooster-crowing.mp3 in Resources */ = {isa = PBXBuildFile; fileRef = B2F6B51525642F48000BC78E /* Rooster-crowing.mp3 */; };
		B2F6B51A256433DA000BC78E /* AlarmSounds.swift in Sources */ = {isa = PBXBuildFile; fileRef = B2F6B519256433DA000BC78E /* AlarmSounds.swift */; };
		B2F6B51E256433F3000BC78E /* BundleAlarmSound.swift in Sources */ = {isa = PBXBuildFile; fileRef = B2F6B51D256433F3000BC78E /* BundleAlarmSound.swift */; };
		B2F6B52125643434000BC78E /* EmptyAlarmSound.swift in Sources */ = {isa = PBXBuildFile; fileRef = B2F6B52025643434000BC78E /* EmptyAlarmSound.swift */; };
/* End PBXBuildFile section */

/* Begin PBXContainerItemProxy section */
		B227DF0325673C490002C127 /* PBXContainerItemProxy */ = {
			isa = PBXContainerItemProxy;
			containerPortal = B2E1511B255EED2A002672EC /* Project object */;
			proxyType = 1;
			remoteGlobalIDString = B227DEEF256738860002C127;
			remoteInfo = RoosterAppKitPlugin;
		};
/* End PBXContainerItemProxy section */

/* Begin PBXCopyFilesBuildPhase section */
		B227DF0E25673FF90002C127 /* CopyFiles */ = {
			isa = PBXCopyFilesBuildPhase;
			buildActionMask = 2147483647;
			dstPath = "";
			dstSubfolderSpec = 13;
			files = (
				B227DF13256741CA0002C127 /* RoosterAppKitPlugin.bundle in CopyFiles */,
			);
			runOnlyForDeploymentPostprocessing = 0;
		};
/* End PBXCopyFilesBuildPhase section */

/* Begin PBXFileReference section */
		B227DE20256573630002C127 /* DataModel.swift */ = {isa = PBXFileReference; lastKnownFileType = sourcecode.swift; path = DataModel.swift; sourceTree = "<group>"; };
		B227DEF0256738860002C127 /* RoosterAppKitPlugin.bundle */ = {isa = PBXFileReference; explicitFileType = wrapper.cfbundle; includeInIndex = 0; path = RoosterAppKitPlugin.bundle; sourceTree = BUILT_PRODUCTS_DIR; };
		B227DEF2256738860002C127 /* Info.plist */ = {isa = PBXFileReference; lastKnownFileType = text.plist.xml; path = Info.plist; sourceTree = "<group>"; };
		B227DEF8256738C50002C127 /* RoosterAppKitPlugin-Bridging-Header.h */ = {isa = PBXFileReference; lastKnownFileType = sourcecode.c.h; path = "RoosterAppKitPlugin-Bridging-Header.h"; sourceTree = "<group>"; };
		B227DEF9256738C50002C127 /* AppKitPlugin.swift */ = {isa = PBXFileReference; lastKnownFileType = sourcecode.swift; path = AppKitPlugin.swift; sourceTree = "<group>"; };
		B227DEFD25673A270002C127 /* AppKitBundleLoader.swift */ = {isa = PBXFileReference; lastKnownFileType = sourcecode.swift; path = AppKitBundleLoader.swift; sourceTree = "<group>"; };
		B227DF18256743C80002C127 /* AppKitPluginProtocol.h */ = {isa = PBXFileReference; lastKnownFileType = sourcecode.c.h; path = AppKitPluginProtocol.h; sourceTree = "<group>"; };
		B227DF242568096C0002C127 /* MainSplitViewController.swift */ = {isa = PBXFileReference; lastKnownFileType = sourcecode.swift; path = MainSplitViewController.swift; sourceTree = "<group>"; };
		B227DF2825680C970002C127 /* MainViewController.swift */ = {isa = PBXFileReference; lastKnownFileType = sourcecode.swift; path = MainViewController.swift; sourceTree = "<group>"; };
		B236FCD5255EFE0A00A2E58D /* CalendarManager.swift */ = {isa = PBXFileReference; lastKnownFileType = sourcecode.swift; path = CalendarManager.swift; sourceTree = "<group>"; };
		B236FCDA255F196E00A2E58D /* AlarmSound.swift */ = {isa = PBXFileReference; lastKnownFileType = sourcecode.swift; path = AlarmSound.swift; sourceTree = "<group>"; };
		B236FCDF255F1C2C00A2E58D /* chickens.mp3 */ = {isa = PBXFileReference; lastKnownFileType = audio.mp3; path = chickens.mp3; sourceTree = "<group>"; };
		B2742C3D25603B0A0087E4B6 /* CalendarPreferencesView.swift */ = {isa = PBXFileReference; lastKnownFileType = sourcecode.swift; path = CalendarPreferencesView.swift; sourceTree = "<group>"; };
		B2742C63256048CE0087E4B6 /* Rooster.entitlements */ = {isa = PBXFileReference; lastKnownFileType = text.plist.entitlements; path = Rooster.entitlements; sourceTree = "<group>"; };
		B2742C6925604A9B0087E4B6 /* AppDelegate.swift */ = {isa = PBXFileReference; fileEncoding = 4; lastKnownFileType = sourcecode.swift; path = AppDelegate.swift; sourceTree = "<group>"; };
		B2742CA8256065310087E4B6 /* Base */ = {isa = PBXFileReference; lastKnownFileType = file.storyboard; name = Base; path = Base.lproj/LaunchScreen.storyboard; sourceTree = "<group>"; };
		B2AFE64E2569782D006B3C58 /* CalendarListView.swift */ = {isa = PBXFileReference; lastKnownFileType = sourcecode.swift; path = CalendarListView.swift; sourceTree = "<group>"; };
		B2AFE65425697957006B3C58 /* Dictionary+Utiities.swift */ = {isa = PBXFileReference; lastKnownFileType = sourcecode.swift; path = "Dictionary+Utiities.swift"; sourceTree = "<group>"; };
		B2AFE6592569846F006B3C58 /* CheckBox.swift */ = {isa = PBXFileReference; lastKnownFileType = sourcecode.swift; path = CheckBox.swift; sourceTree = "<group>"; };
		B2AFE6632569B1B0006B3C58 /* DataModel+EventUtilities.swift */ = {isa = PBXFileReference; lastKnownFileType = sourcecode.swift; path = "DataModel+EventUtilities.swift"; sourceTree = "<group>"; };
		B2AFE67E2569E06F006B3C58 /* EventListViewController.swift */ = {isa = PBXFileReference; lastKnownFileType = sourcecode.swift; path = EventListViewController.swift; sourceTree = "<group>"; };
		B2AFE6882569E286006B3C58 /* CalendarListViewController.swift */ = {isa = PBXFileReference; lastKnownFileType = sourcecode.swift; path = CalendarListViewController.swift; sourceTree = "<group>"; };
		B2AFE68C2569E4CF006B3C58 /* CalendarListCell.swift */ = {isa = PBXFileReference; lastKnownFileType = sourcecode.swift; path = CalendarListCell.swift; sourceTree = "<group>"; };
		B2AFE690256ACC05006B3C58 /* TableViewController.swift */ = {isa = PBXFileReference; lastKnownFileType = sourcecode.swift; path = TableViewController.swift; sourceTree = "<group>"; };
		B2AFE699256AD3D1006B3C58 /* CalendarListViewModel.swift */ = {isa = PBXFileReference; lastKnownFileType = sourcecode.swift; path = CalendarListViewModel.swift; sourceTree = "<group>"; };
		B2AFE6A9256ADA6E006B3C58 /* TableViewController+ViewModel.swift */ = {isa = PBXFileReference; lastKnownFileType = sourcecode.swift; path = "TableViewController+ViewModel.swift"; sourceTree = "<group>"; };
		B2AFE6C6256AFA3F006B3C58 /* TableViewControllerAware.swift */ = {isa = PBXFileReference; lastKnownFileType = sourcecode.swift; path = TableViewControllerAware.swift; sourceTree = "<group>"; };
		B2AFE6CA256AFA4E006B3C58 /* TableViewDelegate.swift */ = {isa = PBXFileReference; lastKnownFileType = sourcecode.swift; path = TableViewDelegate.swift; sourceTree = "<group>"; };
		B2AFE6CE256AFA5B006B3C58 /* TableViewDataSource.swift */ = {isa = PBXFileReference; lastKnownFileType = sourcecode.swift; path = TableViewDataSource.swift; sourceTree = "<group>"; };
		B2E15121255EED2B002672EC /* ContentView.swift */ = {isa = PBXFileReference; lastKnownFileType = sourcecode.swift; path = ContentView.swift; sourceTree = "<group>"; };
		B2E15122255EED2B002672EC /* Assets.xcassets */ = {isa = PBXFileReference; lastKnownFileType = folder.assetcatalog; path = Assets.xcassets; sourceTree = "<group>"; };
		B2E15127255EED2B002672EC /* Rooster.app */ = {isa = PBXFileReference; explicitFileType = wrapper.application; includeInIndex = 0; path = Rooster.app; sourceTree = BUILT_PRODUCTS_DIR; };
		B2E1512A255EED2B002672EC /* Info.plist */ = {isa = PBXFileReference; lastKnownFileType = text.plist.xml; path = Info.plist; sourceTree = "<group>"; };
		B2F6B488256187CC000BC78E /* EventKitCalendar.swift */ = {isa = PBXFileReference; lastKnownFileType = sourcecode.swift; path = EventKitCalendar.swift; sourceTree = "<group>"; };
		B2F6B48C256188FA000BC78E /* Preferences.swift */ = {isa = PBXFileReference; lastKnownFileType = sourcecode.swift; path = Preferences.swift; sourceTree = "<group>"; };
		B2F6B48F25618EC5000BC78E /* AlarmSoundManager.swift */ = {isa = PBXFileReference; lastKnownFileType = sourcecode.swift; path = AlarmSoundManager.swift; sourceTree = "<group>"; };
		B2F6B49625619705000BC78E /* AppController.swift */ = {isa = PBXFileReference; lastKnownFileType = sourcecode.swift; path = AppController.swift; sourceTree = "<group>"; };
		B2F6B49A25619A34000BC78E /* EventKitEvent.swift */ = {isa = PBXFileReference; lastKnownFileType = sourcecode.swift; path = EventKitEvent.swift; sourceTree = "<group>"; };
		B2F6B49D25619A43000BC78E /* EventKitReminder.swift */ = {isa = PBXFileReference; lastKnownFileType = sourcecode.swift; path = EventKitReminder.swift; sourceTree = "<group>"; };
		B2F6B4A32561B19D000BC78E /* MainSceneDelegate.swift */ = {isa = PBXFileReference; fileEncoding = 4; lastKnownFileType = sourcecode.swift; path = MainSceneDelegate.swift; sourceTree = "<group>"; };
		B2F6B4B12561DAA5000BC78E /* Rooster (iOS)-Bridging-Header.h */ = {isa = PBXFileReference; lastKnownFileType = sourcecode.c.h; path = "Rooster (iOS)-Bridging-Header.h"; sourceTree = "<group>"; };
		B2F6B4F92562DD64000BC78E /* UIWindow+Utilities.swift */ = {isa = PBXFileReference; lastKnownFileType = sourcecode.swift; path = "UIWindow+Utilities.swift"; sourceTree = "<group>"; };
		B2F6B4FE2562DDC9000BC78E /* WindowSceneDelegate.swift */ = {isa = PBXFileReference; lastKnownFileType = sourcecode.swift; path = WindowSceneDelegate.swift; sourceTree = "<group>"; };
		B2F6B50A2562EBE5000BC78E /* TestCalendars.swift */ = {isa = PBXFileReference; lastKnownFileType = sourcecode.swift; path = TestCalendars.swift; sourceTree = "<group>"; };
		B2F6B50E2562F2CE000BC78E /* ContentViewRow.swift */ = {isa = PBXFileReference; lastKnownFileType = sourcecode.swift; path = ContentViewRow.swift; sourceTree = "<group>"; };
		B2F6B51225632AE8000BC78E /* Date+Utilities.swift */ = {isa = PBXFileReference; lastKnownFileType = sourcecode.swift; path = "Date+Utilities.swift"; sourceTree = "<group>"; };
		B2F6B51525642F48000BC78E /* Rooster-crowing.mp3 */ = {isa = PBXFileReference; lastKnownFileType = audio.mp3; path = "Rooster-crowing.mp3"; sourceTree = "<group>"; };
		B2F6B519256433DA000BC78E /* AlarmSounds.swift */ = {isa = PBXFileReference; lastKnownFileType = sourcecode.swift; path = AlarmSounds.swift; sourceTree = "<group>"; };
		B2F6B51D256433F3000BC78E /* BundleAlarmSound.swift */ = {isa = PBXFileReference; lastKnownFileType = sourcecode.swift; path = BundleAlarmSound.swift; sourceTree = "<group>"; };
		B2F6B52025643434000BC78E /* EmptyAlarmSound.swift */ = {isa = PBXFileReference; lastKnownFileType = sourcecode.swift; path = EmptyAlarmSound.swift; sourceTree = "<group>"; };
/* End PBXFileReference section */

/* Begin PBXFrameworksBuildPhase section */
		B227DEED256738860002C127 /* Frameworks */ = {
			isa = PBXFrameworksBuildPhase;
			buildActionMask = 2147483647;
			files = (
			);
			runOnlyForDeploymentPostprocessing = 0;
		};
		B2E15124255EED2B002672EC /* Frameworks */ = {
			isa = PBXFrameworksBuildPhase;
			buildActionMask = 2147483647;
			files = (
			);
			runOnlyForDeploymentPostprocessing = 0;
		};
/* End PBXFrameworksBuildPhase section */

/* Begin PBXGroup section */
		B227DEF1256738860002C127 /* RoosterAppKitPlugin */ = {
			isa = PBXGroup;
			children = (
				B227DEF2256738860002C127 /* Info.plist */,
				B227DEF9256738C50002C127 /* AppKitPlugin.swift */,
				B227DEF8256738C50002C127 /* RoosterAppKitPlugin-Bridging-Header.h */,
			);
			path = RoosterAppKitPlugin;
			sourceTree = "<group>";
		};
		B236FCE4255F1C9D00A2E58D /* Resources */ = {
			isa = PBXGroup;
			children = (
				B2E15122255EED2B002672EC /* Assets.xcassets */,
				B236FCDF255F1C2C00A2E58D /* chickens.mp3 */,
				B2F6B51525642F48000BC78E /* Rooster-crowing.mp3 */,
				B2742CA9256065310087E4B6 /* LaunchScreen.storyboard */,
			);
			path = Resources;
			sourceTree = "<group>";
		};
		B2742C9F25605D6C0087E4B6 /* Other Files */ = {
			isa = PBXGroup;
			children = (
				B2F6B4B12561DAA5000BC78E /* Rooster (iOS)-Bridging-Header.h */,
				B2E1512A255EED2B002672EC /* Info.plist */,
				B2742C63256048CE0087E4B6 /* Rooster.entitlements */,
			);
			path = "Other Files";
			sourceTree = "<group>";
		};
		B2AFE66F2569DFD6006B3C58 /* FuckSwiftUI */ = {
			isa = PBXGroup;
			children = (
				B2742C3D25603B0A0087E4B6 /* CalendarPreferencesView.swift */,
				B2AFE6592569846F006B3C58 /* CheckBox.swift */,
				B2AFE64E2569782D006B3C58 /* CalendarListView.swift */,
				B2E15121255EED2B002672EC /* ContentView.swift */,
				B2F6B50E2562F2CE000BC78E /* ContentViewRow.swift */,
			);
			path = FuckSwiftUI;
			sourceTree = "<group>";
		};
		B2AFE696256AD0C1006B3C58 /* CalendarListViews */ = {
			isa = PBXGroup;
			children = (
				B2AFE6882569E286006B3C58 /* CalendarListViewController.swift */,
				B2AFE68C2569E4CF006B3C58 /* CalendarListCell.swift */,
				B2AFE699256AD3D1006B3C58 /* CalendarListViewModel.swift */,
			);
			path = CalendarListViews;
			sourceTree = "<group>";
		};
		B2AFE6B9256AE400006B3C58 /* TableViewController */ = {
			isa = PBXGroup;
			children = (
				B2AFE690256ACC05006B3C58 /* TableViewController.swift */,
				B2AFE6A9256ADA6E006B3C58 /* TableViewController+ViewModel.swift */,
				B2AFE6C6256AFA3F006B3C58 /* TableViewControllerAware.swift */,
				B2AFE6CA256AFA4E006B3C58 /* TableViewDelegate.swift */,
				B2AFE6CE256AFA5B006B3C58 /* TableViewDataSource.swift */,
			);
			path = TableViewController;
			sourceTree = "<group>";
		};
		B2E1511A255EED2A002672EC = {
			isa = PBXGroup;
			children = (
				B236FCE4255F1C9D00A2E58D /* Resources */,
				B2E1511F255EED2B002672EC /* Source */,
				B2AFE66F2569DFD6006B3C58 /* FuckSwiftUI */,
				B2742C9F25605D6C0087E4B6 /* Other Files */,
				B227DEF1256738860002C127 /* RoosterAppKitPlugin */,
				B2E15128255EED2B002672EC /* Products */,
			);
			sourceTree = "<group>";
		};
		B2E1511F255EED2B002672EC /* Source */ = {
			isa = PBXGroup;
			children = (
				B2AFE696256AD0C1006B3C58 /* CalendarListViews */,
				B2F6B48625618787000BC78E /* Views */,
				B2F6B50D2562F20E000BC78E /* Main Window */,
				B2AFE6B9256AE400006B3C58 /* TableViewController */,
				B2F6B4F52562DD01000BC78E /* Utilities */,
				B2F6B4872561879D000BC78E /* Model */,
				B2F6B4A72561B447000BC78E /* Delegates */,
			);
			path = Source;
			sourceTree = "<group>";
		};
		B2E15128255EED2B002672EC /* Products */ = {
			isa = PBXGroup;
			children = (
				B2E15127255EED2B002672EC /* Rooster.app */,
				B227DEF0256738860002C127 /* RoosterAppKitPlugin.bundle */,
			);
			name = Products;
			sourceTree = "<group>";
		};
		B2F6B48625618787000BC78E /* Views */ = {
			isa = PBXGroup;
			children = (
				B2AFE67E2569E06F006B3C58 /* EventListViewController.swift */,
			);
			path = Views;
			sourceTree = "<group>";
		};
		B2F6B4872561879D000BC78E /* Model */ = {
			isa = PBXGroup;
			children = (
				B2F6B52325643C4A000BC78E /* Calendar */,
				B2F6B518256433C8000BC78E /* Sounds */,
				B2F6B48C256188FA000BC78E /* Preferences.swift */,
				B2F6B49625619705000BC78E /* AppController.swift */,
				B2F6B50A2562EBE5000BC78E /* TestCalendars.swift */,
			);
			path = Model;
			sourceTree = "<group>";
		};
		B2F6B4A72561B447000BC78E /* Delegates */ = {
			isa = PBXGroup;
			children = (
				B2742C6925604A9B0087E4B6 /* AppDelegate.swift */,
				B2F6B4FE2562DDC9000BC78E /* WindowSceneDelegate.swift */,
			);
			path = Delegates;
			sourceTree = "<group>";
		};
		B2F6B4F52562DD01000BC78E /* Utilities */ = {
			isa = PBXGroup;
			children = (
				B2F6B4F92562DD64000BC78E /* UIWindow+Utilities.swift */,
				B2F6B51225632AE8000BC78E /* Date+Utilities.swift */,
				B227DEFD25673A270002C127 /* AppKitBundleLoader.swift */,
				B227DF18256743C80002C127 /* AppKitPluginProtocol.h */,
				B2AFE65425697957006B3C58 /* Dictionary+Utiities.swift */,
			);
			path = Utilities;
			sourceTree = "<group>";
		};
		B2F6B50D2562F20E000BC78E /* Main Window */ = {
			isa = PBXGroup;
			children = (
				B227DF242568096C0002C127 /* MainSplitViewController.swift */,
				B227DF2825680C970002C127 /* MainViewController.swift */,
				B2F6B4A32561B19D000BC78E /* MainSceneDelegate.swift */,
			);
			path = "Main Window";
			sourceTree = "<group>";
		};
		B2F6B518256433C8000BC78E /* Sounds */ = {
			isa = PBXGroup;
			children = (
				B236FCDA255F196E00A2E58D /* AlarmSound.swift */,
				B2F6B48F25618EC5000BC78E /* AlarmSoundManager.swift */,
				B2F6B519256433DA000BC78E /* AlarmSounds.swift */,
				B2F6B51D256433F3000BC78E /* BundleAlarmSound.swift */,
				B2F6B52025643434000BC78E /* EmptyAlarmSound.swift */,
			);
			path = Sounds;
			sourceTree = "<group>";
		};
		B2F6B52325643C4A000BC78E /* Calendar */ = {
			isa = PBXGroup;
			children = (
				B227DE20256573630002C127 /* DataModel.swift */,
				B2AFE6632569B1B0006B3C58 /* DataModel+EventUtilities.swift */,
				B2F6B488256187CC000BC78E /* EventKitCalendar.swift */,
				B2F6B49A25619A34000BC78E /* EventKitEvent.swift */,
				B2F6B49D25619A43000BC78E /* EventKitReminder.swift */,
				B236FCD5255EFE0A00A2E58D /* CalendarManager.swift */,
			);
			path = Calendar;
			sourceTree = "<group>";
		};
/* End PBXGroup section */

/* Begin PBXNativeTarget section */
		B227DEEF256738860002C127 /* RoosterAppKitPlugin */ = {
			isa = PBXNativeTarget;
			buildConfigurationList = B227DEF5256738860002C127 /* Build configuration list for PBXNativeTarget "RoosterAppKitPlugin" */;
			buildPhases = (
				B227DEEC256738860002C127 /* Sources */,
				B227DEED256738860002C127 /* Frameworks */,
				B227DEEE256738860002C127 /* Resources */,
			);
			buildRules = (
			);
			dependencies = (
			);
			name = RoosterAppKitPlugin;
			productName = RoosterAppKitPlugin;
			productReference = B227DEF0256738860002C127 /* RoosterAppKitPlugin.bundle */;
			productType = "com.apple.product-type.bundle";
		};
		B2E15126255EED2B002672EC /* Rooster (iOS) */ = {
			isa = PBXNativeTarget;
			buildConfigurationList = B2E1513B255EED2B002672EC /* Build configuration list for PBXNativeTarget "Rooster (iOS)" */;
			buildPhases = (
				B2E15123255EED2B002672EC /* Sources */,
				B2E15124255EED2B002672EC /* Frameworks */,
				B2E15125255EED2B002672EC /* Resources */,
				B227DF0E25673FF90002C127 /* CopyFiles */,
			);
			buildRules = (
			);
			dependencies = (
				B227DF0425673C490002C127 /* PBXTargetDependency */,
			);
			name = "Rooster (iOS)";
			productName = "Rooster (iOS)";
			productReference = B2E15127255EED2B002672EC /* Rooster.app */;
			productType = "com.apple.product-type.application";
		};
/* End PBXNativeTarget section */

/* Begin PBXProject section */
		B2E1511B255EED2A002672EC /* Project object */ = {
			isa = PBXProject;
			attributes = {
				LastSwiftUpdateCheck = 1220;
				LastUpgradeCheck = 1220;
				TargetAttributes = {
					B227DEEF256738860002C127 = {
						CreatedOnToolsVersion = 12.2;
						LastSwiftMigration = 1220;
					};
					B2E15126255EED2B002672EC = {
						CreatedOnToolsVersion = 12.2;
						LastSwiftMigration = 1220;
					};
				};
			};
			buildConfigurationList = B2E1511E255EED2A002672EC /* Build configuration list for PBXProject "Rooster" */;
			compatibilityVersion = "Xcode 9.3";
			developmentRegion = en;
			hasScannedForEncodings = 0;
			knownRegions = (
				en,
				Base,
			);
			mainGroup = B2E1511A255EED2A002672EC;
			productRefGroup = B2E15128255EED2B002672EC /* Products */;
			projectDirPath = "";
			projectRoot = "";
			targets = (
				B2E15126255EED2B002672EC /* Rooster (iOS) */,
				B227DEEF256738860002C127 /* RoosterAppKitPlugin */,
			);
		};
/* End PBXProject section */

/* Begin PBXResourcesBuildPhase section */
		B227DEEE256738860002C127 /* Resources */ = {
			isa = PBXResourcesBuildPhase;
			buildActionMask = 2147483647;
			files = (
			);
			runOnlyForDeploymentPostprocessing = 0;
		};
		B2E15125255EED2B002672EC /* Resources */ = {
			isa = PBXResourcesBuildPhase;
			buildActionMask = 2147483647;
			files = (
				B2742CA7256065310087E4B6 /* LaunchScreen.storyboard in Resources */,
				B2F6B51625642F48000BC78E /* Rooster-crowing.mp3 in Resources */,
				B236FCE0255F1C2C00A2E58D /* chickens.mp3 in Resources */,
				B2E15137255EED2B002672EC /* Assets.xcassets in Resources */,
			);
			runOnlyForDeploymentPostprocessing = 0;
		};
/* End PBXResourcesBuildPhase section */

/* Begin PBXSourcesBuildPhase section */
		B227DEEC256738860002C127 /* Sources */ = {
			isa = PBXSourcesBuildPhase;
			buildActionMask = 2147483647;
			files = (
				B227DEFA256738C50002C127 /* AppKitPlugin.swift in Sources */,
			);
			runOnlyForDeploymentPostprocessing = 0;
		};
		B2E15123255EED2B002672EC /* Sources */ = {
			isa = PBXSourcesBuildPhase;
			buildActionMask = 2147483647;
			files = (
				B227DE21256573630002C127 /* DataModel.swift in Sources */,
				B2AFE69A256AD3D1006B3C58 /* CalendarListViewModel.swift in Sources */,
				B2AFE67F2569E06F006B3C58 /* EventListViewController.swift in Sources */,
				B2AFE65525697957006B3C58 /* Dictionary+Utiities.swift in Sources */,
				B2F6B49725619705000BC78E /* AppController.swift in Sources */,
				B2AFE6892569E286006B3C58 /* CalendarListViewController.swift in Sources */,
				B2F6B51325632AE8000BC78E /* Date+Utilities.swift in Sources */,
				B2F6B51E256433F3000BC78E /* BundleAlarmSound.swift in Sources */,
				B2AFE68D2569E4CF006B3C58 /* CalendarListCell.swift in Sources */,
				B2F6B4FF2562DDC9000BC78E /* WindowSceneDelegate.swift in Sources */,
				B2AFE691256ACC05006B3C58 /* TableViewController.swift in Sources */,
				B236FCDB255F196E00A2E58D /* AlarmSound.swift in Sources */,
				B2AFE6CF256AFA5B006B3C58 /* TableViewDataSource.swift in Sources */,
				B2F6B50B2562EBE5000BC78E /* TestCalendars.swift in Sources */,
				B2F6B51A256433DA000BC78E /* AlarmSounds.swift in Sources */,
				B2F6B4A42561B19D000BC78E /* MainSceneDelegate.swift in Sources */,
				B227DF2925680C970002C127 /* MainViewController.swift in Sources */,
				B2AFE6CB256AFA4E006B3C58 /* TableViewDelegate.swift in Sources */,
				B2AFE6642569B1B0006B3C58 /* DataModel+EventUtilities.swift in Sources */,
				B2F6B49B25619A34000BC78E /* EventKitEvent.swift in Sources */,
				B236FCD6255EFE0A00A2E58D /* CalendarManager.swift in Sources */,
				B227DF0925673E530002C127 /* AppKitBundleLoader.swift in Sources */,
				B2F6B4FA2562DD64000BC78E /* UIWindow+Utilities.swift in Sources */,
				B2742C922560538F0087E4B6 /* AppDelegate.swift in Sources */,
				B2F6B49E25619A43000BC78E /* EventKitReminder.swift in Sources */,
				B2F6B489256187CC000BC78E /* EventKitCalendar.swift in Sources */,
				B2F6B48D256188FA000BC78E /* Preferences.swift in Sources */,
				B2F6B49025618EC5000BC78E /* AlarmSoundManager.swift in Sources */,
				B227DF252568096C0002C127 /* MainSplitViewController.swift in Sources */,
				B2AFE6C7256AFA3F006B3C58 /* TableViewControllerAware.swift in Sources */,
				B2F6B52125643434000BC78E /* EmptyAlarmSound.swift in Sources */,
				B227DF19256743C80002C127 /* AppKitPluginProtocol.h in Sources */,
				B2AFE6AA256ADA6E006B3C58 /* TableViewController+ViewModel.swift in Sources */,
			);
			runOnlyForDeploymentPostprocessing = 0;
		};
/* End PBXSourcesBuildPhase section */

/* Begin PBXTargetDependency section */
		B227DF0425673C490002C127 /* PBXTargetDependency */ = {
			isa = PBXTargetDependency;
			platformFilter = maccatalyst;
			target = B227DEEF256738860002C127 /* RoosterAppKitPlugin */;
			targetProxy = B227DF0325673C490002C127 /* PBXContainerItemProxy */;
		};
/* End PBXTargetDependency section */

/* Begin PBXVariantGroup section */
		B2742CA9256065310087E4B6 /* LaunchScreen.storyboard */ = {
			isa = PBXVariantGroup;
			children = (
				B2742CA8256065310087E4B6 /* Base */,
			);
			name = LaunchScreen.storyboard;
			sourceTree = "<group>";
		};
/* End PBXVariantGroup section */

/* Begin XCBuildConfiguration section */
		B227DEF3256738860002C127 /* Debug */ = {
			isa = XCBuildConfiguration;
			buildSettings = {
				CLANG_ENABLE_MODULES = YES;
				CODE_SIGN_STYLE = Automatic;
				COMBINE_HIDPI_IMAGES = YES;
				INFOPLIST_FILE = RoosterAppKitPlugin/Info.plist;
				INSTALL_PATH = "$(LOCAL_LIBRARY_DIR)/Bundles";
				LD_RUNPATH_SEARCH_PATHS = (
					"$(inherited)",
					"@executable_path/../Frameworks",
					"@loader_path/../Frameworks",
				);
				MACOSX_DEPLOYMENT_TARGET = 11.0;
				PRODUCT_BUNDLE_IDENTIFIER = com.apple.RoosterAppKitPlugin;
				PRODUCT_NAME = "$(TARGET_NAME)";
				SDKROOT = macosx;
				SKIP_INSTALL = YES;
				SWIFT_OBJC_BRIDGING_HEADER = "RoosterAppKitPlugin/RoosterAppKitPlugin-Bridging-Header.h";
				SWIFT_OPTIMIZATION_LEVEL = "-Onone";
				SWIFT_VERSION = 5.0;
				WRAPPER_EXTENSION = bundle;
			};
			name = Debug;
		};
		B227DEF4256738860002C127 /* Release */ = {
			isa = XCBuildConfiguration;
			buildSettings = {
				CLANG_ENABLE_MODULES = YES;
				CODE_SIGN_STYLE = Automatic;
				COMBINE_HIDPI_IMAGES = YES;
				INFOPLIST_FILE = RoosterAppKitPlugin/Info.plist;
				INSTALL_PATH = "$(LOCAL_LIBRARY_DIR)/Bundles";
				LD_RUNPATH_SEARCH_PATHS = (
					"$(inherited)",
					"@executable_path/../Frameworks",
					"@loader_path/../Frameworks",
				);
				MACOSX_DEPLOYMENT_TARGET = 11.0;
				PRODUCT_BUNDLE_IDENTIFIER = com.apple.RoosterAppKitPlugin;
				PRODUCT_NAME = "$(TARGET_NAME)";
				SDKROOT = macosx;
				SKIP_INSTALL = YES;
				SWIFT_OBJC_BRIDGING_HEADER = "RoosterAppKitPlugin/RoosterAppKitPlugin-Bridging-Header.h";
				SWIFT_VERSION = 5.0;
				WRAPPER_EXTENSION = bundle;
			};
			name = Release;
		};
		B2E15139255EED2B002672EC /* Debug */ = {
			isa = XCBuildConfiguration;
			buildSettings = {
				ALWAYS_SEARCH_USER_PATHS = NO;
				CLANG_ANALYZER_NONNULL = YES;
				CLANG_ANALYZER_NUMBER_OBJECT_CONVERSION = YES_AGGRESSIVE;
				CLANG_CXX_LANGUAGE_STANDARD = "gnu++14";
				CLANG_CXX_LIBRARY = "libc++";
				CLANG_ENABLE_MODULES = YES;
				CLANG_ENABLE_OBJC_ARC = YES;
				CLANG_ENABLE_OBJC_WEAK = YES;
				CLANG_WARN_BLOCK_CAPTURE_AUTORELEASING = YES;
				CLANG_WARN_BOOL_CONVERSION = YES;
				CLANG_WARN_COMMA = YES;
				CLANG_WARN_CONSTANT_CONVERSION = YES;
				CLANG_WARN_DEPRECATED_OBJC_IMPLEMENTATIONS = YES;
				CLANG_WARN_DIRECT_OBJC_ISA_USAGE = YES_ERROR;
				CLANG_WARN_DOCUMENTATION_COMMENTS = YES;
				CLANG_WARN_EMPTY_BODY = YES;
				CLANG_WARN_ENUM_CONVERSION = YES;
				CLANG_WARN_INFINITE_RECURSION = YES;
				CLANG_WARN_INT_CONVERSION = YES;
				CLANG_WARN_NON_LITERAL_NULL_CONVERSION = YES;
				CLANG_WARN_OBJC_IMPLICIT_RETAIN_SELF = YES;
				CLANG_WARN_OBJC_LITERAL_CONVERSION = YES;
				CLANG_WARN_OBJC_ROOT_CLASS = YES_ERROR;
				CLANG_WARN_QUOTED_INCLUDE_IN_FRAMEWORK_HEADER = YES;
				CLANG_WARN_RANGE_LOOP_ANALYSIS = YES;
				CLANG_WARN_STRICT_PROTOTYPES = YES;
				CLANG_WARN_SUSPICIOUS_MOVE = YES;
				CLANG_WARN_UNGUARDED_AVAILABILITY = YES_AGGRESSIVE;
				CLANG_WARN_UNREACHABLE_CODE = YES;
				CLANG_WARN__DUPLICATE_METHOD_MATCH = YES;
				COPY_PHASE_STRIP = NO;
				DEBUG_INFORMATION_FORMAT = dwarf;
				ENABLE_STRICT_OBJC_MSGSEND = YES;
				ENABLE_TESTABILITY = YES;
				GCC_C_LANGUAGE_STANDARD = gnu11;
				GCC_DYNAMIC_NO_PIC = NO;
				GCC_NO_COMMON_BLOCKS = YES;
				GCC_OPTIMIZATION_LEVEL = 0;
				GCC_PREPROCESSOR_DEFINITIONS = (
					"DEBUG=1",
					"$(inherited)",
				);
				GCC_WARN_64_TO_32_BIT_CONVERSION = YES;
				GCC_WARN_ABOUT_RETURN_TYPE = YES_ERROR;
				GCC_WARN_UNDECLARED_SELECTOR = YES;
				GCC_WARN_UNINITIALIZED_AUTOS = YES_AGGRESSIVE;
				GCC_WARN_UNUSED_FUNCTION = YES;
				GCC_WARN_UNUSED_VARIABLE = YES;
				MTL_ENABLE_DEBUG_INFO = INCLUDE_SOURCE;
				MTL_FAST_MATH = YES;
				ONLY_ACTIVE_ARCH = YES;
				SWIFT_ACTIVE_COMPILATION_CONDITIONS = DEBUG;
				SWIFT_OPTIMIZATION_LEVEL = "-Onone";
			};
			name = Debug;
		};
		B2E1513A255EED2B002672EC /* Release */ = {
			isa = XCBuildConfiguration;
			buildSettings = {
				ALWAYS_SEARCH_USER_PATHS = NO;
				CLANG_ANALYZER_NONNULL = YES;
				CLANG_ANALYZER_NUMBER_OBJECT_CONVERSION = YES_AGGRESSIVE;
				CLANG_CXX_LANGUAGE_STANDARD = "gnu++14";
				CLANG_CXX_LIBRARY = "libc++";
				CLANG_ENABLE_MODULES = YES;
				CLANG_ENABLE_OBJC_ARC = YES;
				CLANG_ENABLE_OBJC_WEAK = YES;
				CLANG_WARN_BLOCK_CAPTURE_AUTORELEASING = YES;
				CLANG_WARN_BOOL_CONVERSION = YES;
				CLANG_WARN_COMMA = YES;
				CLANG_WARN_CONSTANT_CONVERSION = YES;
				CLANG_WARN_DEPRECATED_OBJC_IMPLEMENTATIONS = YES;
				CLANG_WARN_DIRECT_OBJC_ISA_USAGE = YES_ERROR;
				CLANG_WARN_DOCUMENTATION_COMMENTS = YES;
				CLANG_WARN_EMPTY_BODY = YES;
				CLANG_WARN_ENUM_CONVERSION = YES;
				CLANG_WARN_INFINITE_RECURSION = YES;
				CLANG_WARN_INT_CONVERSION = YES;
				CLANG_WARN_NON_LITERAL_NULL_CONVERSION = YES;
				CLANG_WARN_OBJC_IMPLICIT_RETAIN_SELF = YES;
				CLANG_WARN_OBJC_LITERAL_CONVERSION = YES;
				CLANG_WARN_OBJC_ROOT_CLASS = YES_ERROR;
				CLANG_WARN_QUOTED_INCLUDE_IN_FRAMEWORK_HEADER = YES;
				CLANG_WARN_RANGE_LOOP_ANALYSIS = YES;
				CLANG_WARN_STRICT_PROTOTYPES = YES;
				CLANG_WARN_SUSPICIOUS_MOVE = YES;
				CLANG_WARN_UNGUARDED_AVAILABILITY = YES_AGGRESSIVE;
				CLANG_WARN_UNREACHABLE_CODE = YES;
				CLANG_WARN__DUPLICATE_METHOD_MATCH = YES;
				COPY_PHASE_STRIP = NO;
				DEBUG_INFORMATION_FORMAT = "dwarf-with-dsym";
				ENABLE_NS_ASSERTIONS = NO;
				ENABLE_STRICT_OBJC_MSGSEND = YES;
				GCC_C_LANGUAGE_STANDARD = gnu11;
				GCC_NO_COMMON_BLOCKS = YES;
				GCC_WARN_64_TO_32_BIT_CONVERSION = YES;
				GCC_WARN_ABOUT_RETURN_TYPE = YES_ERROR;
				GCC_WARN_UNDECLARED_SELECTOR = YES;
				GCC_WARN_UNINITIALIZED_AUTOS = YES_AGGRESSIVE;
				GCC_WARN_UNUSED_FUNCTION = YES;
				GCC_WARN_UNUSED_VARIABLE = YES;
				MTL_ENABLE_DEBUG_INFO = NO;
				MTL_FAST_MATH = YES;
				SWIFT_COMPILATION_MODE = wholemodule;
				SWIFT_OPTIMIZATION_LEVEL = "-O";
			};
			name = Release;
		};
		B2E1513C255EED2B002672EC /* Debug */ = {
			isa = XCBuildConfiguration;
			buildSettings = {
				ASSETCATALOG_COMPILER_APPICON_NAME = AppIcon;
				ASSETCATALOG_COMPILER_GLOBAL_ACCENT_COLOR_NAME = AccentColor;
				CLANG_ENABLE_MODULES = YES;
				CODE_SIGN_ENTITLEMENTS = "Other Files/Rooster.entitlements";
				CODE_SIGN_IDENTITY = "-";
				CODE_SIGN_STYLE = Manual;
				ENABLE_PREVIEWS = YES;
				INFOPLIST_FILE = "Other Files/Info.plist";
				IPHONEOS_DEPLOYMENT_TARGET = 14.0;
				LD_RUNPATH_SEARCH_PATHS = (
					"$(inherited)",
					"@executable_path/Frameworks",
				);
				PRODUCT_BUNDLE_IDENTIFIER = com.apple.rooster;
				PRODUCT_NAME = Rooster;
				SDKROOT = iphoneos.internal;
				SUPPORTS_MACCATALYST = YES;
				SWIFT_OBJC_BRIDGING_HEADER = "Other Files/Rooster (iOS)-Bridging-Header.h";
				SWIFT_OPTIMIZATION_LEVEL = "-Onone";
				SWIFT_VERSION = 5.0;
				TARGETED_DEVICE_FAMILY = "1,2,6";
			};
			name = Debug;
		};
		B2E1513D255EED2B002672EC /* Release */ = {
			isa = XCBuildConfiguration;
			buildSettings = {
				ASSETCATALOG_COMPILER_APPICON_NAME = AppIcon;
				ASSETCATALOG_COMPILER_GLOBAL_ACCENT_COLOR_NAME = AccentColor;
				CLANG_ENABLE_MODULES = YES;
				CODE_SIGN_ENTITLEMENTS = "Other Files/Rooster.entitlements";
				CODE_SIGN_IDENTITY = "-";
				CODE_SIGN_STYLE = Manual;
				ENABLE_PREVIEWS = YES;
				INFOPLIST_FILE = "Other Files/Info.plist";
				IPHONEOS_DEPLOYMENT_TARGET = 14.0;
				LD_RUNPATH_SEARCH_PATHS = (
					"$(inherited)",
					"@executable_path/Frameworks",
				);
				PRODUCT_BUNDLE_IDENTIFIER = com.apple.rooster;
				PRODUCT_NAME = Rooster;
				SDKROOT = iphoneos.internal;
				SUPPORTS_MACCATALYST = YES;
				SWIFT_OBJC_BRIDGING_HEADER = "Other Files/Rooster (iOS)-Bridging-Header.h";
				SWIFT_VERSION = 5.0;
				TARGETED_DEVICE_FAMILY = "1,2,6";
				VALIDATE_PRODUCT = YES;
			};
			name = Release;
		};
/* End XCBuildConfiguration section */

/* Begin XCConfigurationList section */
		B227DEF5256738860002C127 /* Build configuration list for PBXNativeTarget "RoosterAppKitPlugin" */ = {
			isa = XCConfigurationList;
			buildConfigurations = (
				B227DEF3256738860002C127 /* Debug */,
				B227DEF4256738860002C127 /* Release */,
			);
			defaultConfigurationIsVisible = 0;
			defaultConfigurationName = Release;
		};
		B2E1511E255EED2A002672EC /* Build configuration list for PBXProject "Rooster" */ = {
			isa = XCConfigurationList;
			buildConfigurations = (
				B2E15139255EED2B002672EC /* Debug */,
				B2E1513A255EED2B002672EC /* Release */,
			);
			defaultConfigurationIsVisible = 0;
			defaultConfigurationName = Release;
		};
		B2E1513B255EED2B002672EC /* Build configuration list for PBXNativeTarget "Rooster (iOS)" */ = {
			isa = XCConfigurationList;
			buildConfigurations = (
				B2E1513C255EED2B002672EC /* Debug */,
				B2E1513D255EED2B002672EC /* Release */,
			);
			defaultConfigurationIsVisible = 0;
			defaultConfigurationName = Release;
		};
/* End XCConfigurationList section */
	};
	rootObject = B2E1511B255EED2A002672EC /* Project object */;
}
