// !$*UTF8*$!
{
	archiveVersion = 1;
	classes = {
	};
	objectVersion = 50;
	objects = {

/* Begin PBXBuildFile section */
		B236FCD6255EFE0A00A2E58D /* CalenderManager.swift in Sources */ = {isa = PBXBuildFile; fileRef = B236FCD5255EFE0A00A2E58D /* CalenderManager.swift */; };
		B236FCD7255EFE0A00A2E58D /* CalenderManager.swift in Sources */ = {isa = PBXBuildFile; fileRef = B236FCD5255EFE0A00A2E58D /* CalenderManager.swift */; };
		B236FCDB255F196E00A2E58D /* AlarmSound.swift in Sources */ = {isa = PBXBuildFile; fileRef = B236FCDA255F196E00A2E58D /* AlarmSound.swift */; };
		B236FCDC255F196E00A2E58D /* AlarmSound.swift in Sources */ = {isa = PBXBuildFile; fileRef = B236FCDA255F196E00A2E58D /* AlarmSound.swift */; };
		B236FCE0255F1C2C00A2E58D /* chickens.mp3 in Resources */ = {isa = PBXBuildFile; fileRef = B236FCDF255F1C2C00A2E58D /* chickens.mp3 */; };
		B236FCE1255F1C2C00A2E58D /* chickens.mp3 in Resources */ = {isa = PBXBuildFile; fileRef = B236FCDF255F1C2C00A2E58D /* chickens.mp3 */; };
		B2E15133255EED2B002672EC /* RoosterApp.swift in Sources */ = {isa = PBXBuildFile; fileRef = B2E15120255EED2B002672EC /* RoosterApp.swift */; };
		B2E15134255EED2B002672EC /* RoosterApp.swift in Sources */ = {isa = PBXBuildFile; fileRef = B2E15120255EED2B002672EC /* RoosterApp.swift */; };
		B2E15135255EED2B002672EC /* ContentView.swift in Sources */ = {isa = PBXBuildFile; fileRef = B2E15121255EED2B002672EC /* ContentView.swift */; };
		B2E15136255EED2B002672EC /* ContentView.swift in Sources */ = {isa = PBXBuildFile; fileRef = B2E15121255EED2B002672EC /* ContentView.swift */; };
		B2E15137255EED2B002672EC /* Assets.xcassets in Resources */ = {isa = PBXBuildFile; fileRef = B2E15122255EED2B002672EC /* Assets.xcassets */; };
		B2E15138255EED2B002672EC /* Assets.xcassets in Resources */ = {isa = PBXBuildFile; fileRef = B2E15122255EED2B002672EC /* Assets.xcassets */; };
/* End PBXBuildFile section */

/* Begin PBXFileReference section */
		B236FCD5255EFE0A00A2E58D /* CalenderManager.swift */ = {isa = PBXFileReference; lastKnownFileType = sourcecode.swift; path = CalenderManager.swift; sourceTree = "<group>"; };
		B236FCDA255F196E00A2E58D /* AlarmSound.swift */ = {isa = PBXFileReference; lastKnownFileType = sourcecode.swift; path = AlarmSound.swift; sourceTree = "<group>"; };
		B236FCDF255F1C2C00A2E58D /* chickens.mp3 */ = {isa = PBXFileReference; lastKnownFileType = audio.mp3; path = chickens.mp3; sourceTree = "<group>"; };
		B2E15120255EED2B002672EC /* RoosterApp.swift */ = {isa = PBXFileReference; lastKnownFileType = sourcecode.swift; path = RoosterApp.swift; sourceTree = "<group>"; };
		B2E15121255EED2B002672EC /* ContentView.swift */ = {isa = PBXFileReference; lastKnownFileType = sourcecode.swift; path = ContentView.swift; sourceTree = "<group>"; };
		B2E15122255EED2B002672EC /* Assets.xcassets */ = {isa = PBXFileReference; lastKnownFileType = folder.assetcatalog; path = Assets.xcassets; sourceTree = "<group>"; };
		B2E15127255EED2B002672EC /* Rooster.app */ = {isa = PBXFileReference; explicitFileType = wrapper.application; includeInIndex = 0; path = Rooster.app; sourceTree = BUILT_PRODUCTS_DIR; };
		B2E1512A255EED2B002672EC /* Info.plist */ = {isa = PBXFileReference; lastKnownFileType = text.plist.xml; path = Info.plist; sourceTree = "<group>"; };
		B2E1512F255EED2B002672EC /* Rooster.app */ = {isa = PBXFileReference; explicitFileType = wrapper.application; includeInIndex = 0; path = Rooster.app; sourceTree = BUILT_PRODUCTS_DIR; };
		B2E15131255EED2B002672EC /* Info.plist */ = {isa = PBXFileReference; lastKnownFileType = text.plist.xml; path = Info.plist; sourceTree = "<group>"; };
		B2E15132255EED2B002672EC /* macOS.entitlements */ = {isa = PBXFileReference; lastKnownFileType = text.plist.entitlements; path = macOS.entitlements; sourceTree = "<group>"; };
/* End PBXFileReference section */

/* Begin PBXFrameworksBuildPhase section */
		B2E15124255EED2B002672EC /* Frameworks */ = {
			isa = PBXFrameworksBuildPhase;
			buildActionMask = 2147483647;
			files = (
			);
			runOnlyForDeploymentPostprocessing = 0;
		};
		B2E1512C255EED2B002672EC /* Frameworks */ = {
			isa = PBXFrameworksBuildPhase;
			buildActionMask = 2147483647;
			files = (
			);
			runOnlyForDeploymentPostprocessing = 0;
		};
/* End PBXFrameworksBuildPhase section */

/* Begin PBXGroup section */
		B236FCE4255F1C9D00A2E58D /* Resources */ = {
			isa = PBXGroup;
			children = (
				B2E15122255EED2B002672EC /* Assets.xcassets */,
				B236FCDF255F1C2C00A2E58D /* chickens.mp3 */,
			);
			path = Resources;
			sourceTree = "<group>";
		};
		B2E1511A255EED2A002672EC = {
			isa = PBXGroup;
			children = (
				B236FCE4255F1C9D00A2E58D /* Resources */,
				B2E1511F255EED2B002672EC /* Shared */,
				B2E15129255EED2B002672EC /* iOS */,
				B2E15130255EED2B002672EC /* macOS */,
				B2E15128255EED2B002672EC /* Products */,
			);
			sourceTree = "<group>";
		};
		B2E1511F255EED2B002672EC /* Shared */ = {
			isa = PBXGroup;
			children = (
				B2E15120255EED2B002672EC /* RoosterApp.swift */,
				B2E15121255EED2B002672EC /* ContentView.swift */,
				B236FCD5255EFE0A00A2E58D /* CalenderManager.swift */,
				B236FCDA255F196E00A2E58D /* AlarmSound.swift */,
			);
			path = Shared;
			sourceTree = "<group>";
		};
		B2E15128255EED2B002672EC /* Products */ = {
			isa = PBXGroup;
			children = (
				B2E15127255EED2B002672EC /* Rooster.app */,
				B2E1512F255EED2B002672EC /* Rooster.app */,
			);
			name = Products;
			sourceTree = "<group>";
		};
		B2E15129255EED2B002672EC /* iOS */ = {
			isa = PBXGroup;
			children = (
				B2E1512A255EED2B002672EC /* Info.plist */,
			);
			path = iOS;
			sourceTree = "<group>";
		};
		B2E15130255EED2B002672EC /* macOS */ = {
			isa = PBXGroup;
			children = (
				B2E15131255EED2B002672EC /* Info.plist */,
				B2E15132255EED2B002672EC /* macOS.entitlements */,
			);
			path = macOS;
			sourceTree = "<group>";
		};
/* End PBXGroup section */

/* Begin PBXNativeTarget section */
		B2E15126255EED2B002672EC /* Rooster (iOS) */ = {
			isa = PBXNativeTarget;
			buildConfigurationList = B2E1513B255EED2B002672EC /* Build configuration list for PBXNativeTarget "Rooster (iOS)" */;
			buildPhases = (
				B2E15123255EED2B002672EC /* Sources */,
				B2E15124255EED2B002672EC /* Frameworks */,
				B2E15125255EED2B002672EC /* Resources */,
			);
			buildRules = (
			);
			dependencies = (
			);
			name = "Rooster (iOS)";
			productName = "Rooster (iOS)";
			productReference = B2E15127255EED2B002672EC /* Rooster.app */;
			productType = "com.apple.product-type.application";
		};
		B2E1512E255EED2B002672EC /* Rooster (macOS) */ = {
			isa = PBXNativeTarget;
			buildConfigurationList = B2E1513E255EED2B002672EC /* Build configuration list for PBXNativeTarget "Rooster (macOS)" */;
			buildPhases = (
				B2E1512B255EED2B002672EC /* Sources */,
				B2E1512C255EED2B002672EC /* Frameworks */,
				B2E1512D255EED2B002672EC /* Resources */,
			);
			buildRules = (
			);
			dependencies = (
			);
			name = "Rooster (macOS)";
			productName = "Rooster (macOS)";
			productReference = B2E1512F255EED2B002672EC /* Rooster.app */;
			productType = "com.apple.product-type.application";
		};
/* End PBXNativeTarget section */

/* Begin PBXProject section */
		B2E1511B255EED2A002672EC /* Project object */ = {
			isa = PBXProject;
			attributes = {
				LastSwiftUpdateCheck = 1220;
				LastUpgradeCheck = 1220;
				TargetAttributes = {
					B2E15126255EED2B002672EC = {
						CreatedOnToolsVersion = 12.2;
					};
					B2E1512E255EED2B002672EC = {
						CreatedOnToolsVersion = 12.2;
					};
				};
			};
			buildConfigurationList = B2E1511E255EED2A002672EC /* Build configuration list for PBXProject "Rooster" */;
			compatibilityVersion = "Xcode 9.3";
			developmentRegion = en;
			hasScannedForEncodings = 0;
			knownRegions = (
				en,
				Base,
			);
			mainGroup = B2E1511A255EED2A002672EC;
			productRefGroup = B2E15128255EED2B002672EC /* Products */;
			projectDirPath = "";
			projectRoot = "";
			targets = (
				B2E15126255EED2B002672EC /* Rooster (iOS) */,
				B2E1512E255EED2B002672EC /* Rooster (macOS) */,
			);
		};
/* End PBXProject section */

/* Begin PBXResourcesBuildPhase section */
		B2E15125255EED2B002672EC /* Resources */ = {
			isa = PBXResourcesBuildPhase;
			buildActionMask = 2147483647;
			files = (
				B236FCE0255F1C2C00A2E58D /* chickens.mp3 in Resources */,
				B2E15137255EED2B002672EC /* Assets.xcassets in Resources */,
			);
			runOnlyForDeploymentPostprocessing = 0;
		};
		B2E1512D255EED2B002672EC /* Resources */ = {
			isa = PBXResourcesBuildPhase;
			buildActionMask = 2147483647;
			files = (
				B236FCE1255F1C2C00A2E58D /* chickens.mp3 in Resources */,
				B2E15138255EED2B002672EC /* Assets.xcassets in Resources */,
			);
			runOnlyForDeploymentPostprocessing = 0;
		};
/* End PBXResourcesBuildPhase section */

/* Begin PBXSourcesBuildPhase section */
		B2E15123255EED2B002672EC /* Sources */ = {
			isa = PBXSourcesBuildPhase;
			buildActionMask = 2147483647;
			files = (
				B2E15135255EED2B002672EC /* ContentView.swift in Sources */,
				B236FCDB255F196E00A2E58D /* AlarmSound.swift in Sources */,
				B2E15133255EED2B002672EC /* RoosterApp.swift in Sources */,
				B236FCD6255EFE0A00A2E58D /* CalenderManager.swift in Sources */,
			);
			runOnlyForDeploymentPostprocessing = 0;
		};
		B2E1512B255EED2B002672EC /* Sources */ = {
			isa = PBXSourcesBuildPhase;
			buildActionMask = 2147483647;
			files = (
				B2E15136255EED2B002672EC /* ContentView.swift in Sources */,
				B236FCDC255F196E00A2E58D /* AlarmSound.swift in Sources */,
				B2E15134255EED2B002672EC /* RoosterApp.swift in Sources */,
				B236FCD7255EFE0A00A2E58D /* CalenderManager.swift in Sources */,
			);
			runOnlyForDeploymentPostprocessing = 0;
		};
/* End PBXSourcesBuildPhase section */

/* Begin XCBuildConfiguration section */
		B2E15139255EED2B002672EC /* Debug */ = {
			isa = XCBuildConfiguration;
			buildSettings = {
				ALWAYS_SEARCH_USER_PATHS = NO;
				CLANG_ANALYZER_NONNULL = YES;
				CLANG_ANALYZER_NUMBER_OBJECT_CONVERSION = YES_AGGRESSIVE;
				CLANG_CXX_LANGUAGE_STANDARD = "gnu++14";
				CLANG_CXX_LIBRARY = "libc++";
				CLANG_ENABLE_MODULES = YES;
				CLANG_ENABLE_OBJC_ARC = YES;
				CLANG_ENABLE_OBJC_WEAK = YES;
				CLANG_WARN_BLOCK_CAPTURE_AUTORELEASING = YES;
				CLANG_WARN_BOOL_CONVERSION = YES;
				CLANG_WARN_COMMA = YES;
				CLANG_WARN_CONSTANT_CONVERSION = YES;
				CLANG_WARN_DEPRECATED_OBJC_IMPLEMENTATIONS = YES;
				CLANG_WARN_DIRECT_OBJC_ISA_USAGE = YES_ERROR;
				CLANG_WARN_DOCUMENTATION_COMMENTS = YES;
				CLANG_WARN_EMPTY_BODY = YES;
				CLANG_WARN_ENUM_CONVERSION = YES;
				CLANG_WARN_INFINITE_RECURSION = YES;
				CLANG_WARN_INT_CONVERSION = YES;
				CLANG_WARN_NON_LITERAL_NULL_CONVERSION = YES;
				CLANG_WARN_OBJC_IMPLICIT_RETAIN_SELF = YES;
				CLANG_WARN_OBJC_LITERAL_CONVERSION = YES;
				CLANG_WARN_OBJC_ROOT_CLASS = YES_ERROR;
				CLANG_WARN_QUOTED_INCLUDE_IN_FRAMEWORK_HEADER = YES;
				CLANG_WARN_RANGE_LOOP_ANALYSIS = YES;
				CLANG_WARN_STRICT_PROTOTYPES = YES;
				CLANG_WARN_SUSPICIOUS_MOVE = YES;
				CLANG_WARN_UNGUARDED_AVAILABILITY = YES_AGGRESSIVE;
				CLANG_WARN_UNREACHABLE_CODE = YES;
				CLANG_WARN__DUPLICATE_METHOD_MATCH = YES;
				COPY_PHASE_STRIP = NO;
				DEBUG_INFORMATION_FORMAT = dwarf;
				ENABLE_STRICT_OBJC_MSGSEND = YES;
				ENABLE_TESTABILITY = YES;
				GCC_C_LANGUAGE_STANDARD = gnu11;
				GCC_DYNAMIC_NO_PIC = NO;
				GCC_NO_COMMON_BLOCKS = YES;
				GCC_OPTIMIZATION_LEVEL = 0;
				GCC_PREPROCESSOR_DEFINITIONS = (
					"DEBUG=1",
					"$(inherited)",
				);
				GCC_WARN_64_TO_32_BIT_CONVERSION = YES;
				GCC_WARN_ABOUT_RETURN_TYPE = YES_ERROR;
				GCC_WARN_UNDECLARED_SELECTOR = YES;
				GCC_WARN_UNINITIALIZED_AUTOS = YES_AGGRESSIVE;
				GCC_WARN_UNUSED_FUNCTION = YES;
				GCC_WARN_UNUSED_VARIABLE = YES;
				MTL_ENABLE_DEBUG_INFO = INCLUDE_SOURCE;
				MTL_FAST_MATH = YES;
				ONLY_ACTIVE_ARCH = YES;
				SWIFT_ACTIVE_COMPILATION_CONDITIONS = DEBUG;
				SWIFT_OPTIMIZATION_LEVEL = "-Onone";
			};
			name = Debug;
		};
		B2E1513A255EED2B002672EC /* Release */ = {
			isa = XCBuildConfiguration;
			buildSettings = {
				ALWAYS_SEARCH_USER_PATHS = NO;
				CLANG_ANALYZER_NONNULL = YES;
				CLANG_ANALYZER_NUMBER_OBJECT_CONVERSION = YES_AGGRESSIVE;
				CLANG_CXX_LANGUAGE_STANDARD = "gnu++14";
				CLANG_CXX_LIBRARY = "libc++";
				CLANG_ENABLE_MODULES = YES;
				CLANG_ENABLE_OBJC_ARC = YES;
				CLANG_ENABLE_OBJC_WEAK = YES;
				CLANG_WARN_BLOCK_CAPTURE_AUTORELEASING = YES;
				CLANG_WARN_BOOL_CONVERSION = YES;
				CLANG_WARN_COMMA = YES;
				CLANG_WARN_CONSTANT_CONVERSION = YES;
				CLANG_WARN_DEPRECATED_OBJC_IMPLEMENTATIONS = YES;
				CLANG_WARN_DIRECT_OBJC_ISA_USAGE = YES_ERROR;
				CLANG_WARN_DOCUMENTATION_COMMENTS = YES;
				CLANG_WARN_EMPTY_BODY = YES;
				CLANG_WARN_ENUM_CONVERSION = YES;
				CLANG_WARN_INFINITE_RECURSION = YES;
				CLANG_WARN_INT_CONVERSION = YES;
				CLANG_WARN_NON_LITERAL_NULL_CONVERSION = YES;
				CLANG_WARN_OBJC_IMPLICIT_RETAIN_SELF = YES;
				CLANG_WARN_OBJC_LITERAL_CONVERSION = YES;
				CLANG_WARN_OBJC_ROOT_CLASS = YES_ERROR;
				CLANG_WARN_QUOTED_INCLUDE_IN_FRAMEWORK_HEADER = YES;
				CLANG_WARN_RANGE_LOOP_ANALYSIS = YES;
				CLANG_WARN_STRICT_PROTOTYPES = YES;
				CLANG_WARN_SUSPICIOUS_MOVE = YES;
				CLANG_WARN_UNGUARDED_AVAILABILITY = YES_AGGRESSIVE;
				CLANG_WARN_UNREACHABLE_CODE = YES;
				CLANG_WARN__DUPLICATE_METHOD_MATCH = YES;
				COPY_PHASE_STRIP = NO;
				DEBUG_INFORMATION_FORMAT = "dwarf-with-dsym";
				ENABLE_NS_ASSERTIONS = NO;
				ENABLE_STRICT_OBJC_MSGSEND = YES;
				GCC_C_LANGUAGE_STANDARD = gnu11;
				GCC_NO_COMMON_BLOCKS = YES;
				GCC_WARN_64_TO_32_BIT_CONVERSION = YES;
				GCC_WARN_ABOUT_RETURN_TYPE = YES_ERROR;
				GCC_WARN_UNDECLARED_SELECTOR = YES;
				GCC_WARN_UNINITIALIZED_AUTOS = YES_AGGRESSIVE;
				GCC_WARN_UNUSED_FUNCTION = YES;
				GCC_WARN_UNUSED_VARIABLE = YES;
				MTL_ENABLE_DEBUG_INFO = NO;
				MTL_FAST_MATH = YES;
				SWIFT_COMPILATION_MODE = wholemodule;
				SWIFT_OPTIMIZATION_LEVEL = "-O";
			};
			name = Release;
		};
		B2E1513C255EED2B002672EC /* Debug */ = {
			isa = XCBuildConfiguration;
			buildSettings = {
				ASSETCATALOG_COMPILER_APPICON_NAME = AppIcon;
				ASSETCATALOG_COMPILER_GLOBAL_ACCENT_COLOR_NAME = AccentColor;
				CODE_SIGN_STYLE = Manual;
				ENABLE_PREVIEWS = YES;
				INFOPLIST_FILE = iOS/Info.plist;
				IPHONEOS_DEPLOYMENT_TARGET = 14.0;
				LD_RUNPATH_SEARCH_PATHS = (
					"$(inherited)",
					"@executable_path/Frameworks",
				);
				PRODUCT_BUNDLE_IDENTIFIER = com.apple.Rooster;
				PRODUCT_NAME = Rooster;
				SDKROOT = iphoneos.internal;
				SWIFT_VERSION = 5.0;
				TARGETED_DEVICE_FAMILY = "1,2";
			};
			name = Debug;
		};
		B2E1513D255EED2B002672EC /* Release */ = {
			isa = XCBuildConfiguration;
			buildSettings = {
				ASSETCATALOG_COMPILER_APPICON_NAME = AppIcon;
				ASSETCATALOG_COMPILER_GLOBAL_ACCENT_COLOR_NAME = AccentColor;
				CODE_SIGN_STYLE = Manual;
				ENABLE_PREVIEWS = YES;
				INFOPLIST_FILE = iOS/Info.plist;
				IPHONEOS_DEPLOYMENT_TARGET = 14.0;
				LD_RUNPATH_SEARCH_PATHS = (
					"$(inherited)",
					"@executable_path/Frameworks",
				);
				PRODUCT_BUNDLE_IDENTIFIER = com.apple.Rooster;
				PRODUCT_NAME = Rooster;
				SDKROOT = iphoneos.internal;
				SWIFT_VERSION = 5.0;
				TARGETED_DEVICE_FAMILY = "1,2";
				VALIDATE_PRODUCT = YES;
			};
			name = Release;
		};
		B2E1513F255EED2B002672EC /* Debug */ = {
			isa = XCBuildConfiguration;
			buildSettings = {
				ASSETCATALOG_COMPILER_APPICON_NAME = AppIcon;
				ASSETCATALOG_COMPILER_GLOBAL_ACCENT_COLOR_NAME = AccentColor;
				CODE_SIGN_ENTITLEMENTS = macOS/macOS.entitlements;
				CODE_SIGN_STYLE = Manual;
				COMBINE_HIDPI_IMAGES = YES;
				ENABLE_PREVIEWS = YES;
				INFOPLIST_FILE = macOS/Info.plist;
				LD_RUNPATH_SEARCH_PATHS = (
					"$(inherited)",
					"@executable_path/../Frameworks",
				);
				MACOSX_DEPLOYMENT_TARGET = 11.0;
				PRODUCT_BUNDLE_IDENTIFIER = com.apple.Rooster;
				PRODUCT_NAME = Rooster;
				SDKROOT = macosx.internal;
				SWIFT_VERSION = 5.0;
			};
			name = Debug;
		};
		B2E15140255EED2B002672EC /* Release */ = {
			isa = XCBuildConfiguration;
			buildSettings = {
				ASSETCATALOG_COMPILER_APPICON_NAME = AppIcon;
				ASSETCATALOG_COMPILER_GLOBAL_ACCENT_COLOR_NAME = AccentColor;
				CODE_SIGN_ENTITLEMENTS = macOS/macOS.entitlements;
				CODE_SIGN_STYLE = Manual;
				COMBINE_HIDPI_IMAGES = YES;
				ENABLE_PREVIEWS = YES;
				INFOPLIST_FILE = macOS/Info.plist;
				LD_RUNPATH_SEARCH_PATHS = (
					"$(inherited)",
					"@executable_path/../Frameworks",
				);
				MACOSX_DEPLOYMENT_TARGET = 11.0;
				PRODUCT_BUNDLE_IDENTIFIER = com.apple.Rooster;
				PRODUCT_NAME = Rooster;
				SDKROOT = macosx.internal;
				SWIFT_VERSION = 5.0;
			};
			name = Release;
		};
/* End XCBuildConfiguration section */

/* Begin XCConfigurationList section */
		B2E1511E255EED2A002672EC /* Build configuration list for PBXProject "Rooster" */ = {
			isa = XCConfigurationList;
			buildConfigurations = (
				B2E15139255EED2B002672EC /* Debug */,
				B2E1513A255EED2B002672EC /* Release */,
			);
			defaultConfigurationIsVisible = 0;
			defaultConfigurationName = Release;
		};
		B2E1513B255EED2B002672EC /* Build configuration list for PBXNativeTarget "Rooster (iOS)" */ = {
			isa = XCConfigurationList;
			buildConfigurations = (
				B2E1513C255EED2B002672EC /* Debug */,
				B2E1513D255EED2B002672EC /* Release */,
			);
			defaultConfigurationIsVisible = 0;
			defaultConfigurationName = Release;
		};
		B2E1513E255EED2B002672EC /* Build configuration list for PBXNativeTarget "Rooster (macOS)" */ = {
			isa = XCConfigurationList;
			buildConfigurations = (
				B2E1513F255EED2B002672EC /* Debug */,
				B2E15140255EED2B002672EC /* Release */,
			);
			defaultConfigurationIsVisible = 0;
			defaultConfigurationName = Release;
		};
/* End XCConfigurationList section */
	};
	rootObject = B2E1511B255EED2A002672EC /* Project object */;
}
