{
  "object": {
    "pins": [
      {
        "package": "Sparkle",
        "repositoryURL": "https://github.com/sparkle-project/Sparkle.git",
        "state": {
          "branch": null,
          "revision": "0e162c98be16a2af7b4f9458760266ad1f1d5518",
          "version": "1.24.0"
        }
      }
    ]
  },
  "version": 1
}
